github.com/gethugothemes/hugo-modules/adsense v0.0.0-20250421104330-bca9c73678cd h1:OmHi7ghynW662bFhMx/Y7RmOtcSOlfpCo4WDI4aQrbY=
github.com/gethugothemes/hugo-modules/adsense v0.0.0-20250421104330-bca9c73678cd/go.mod h1:8p/gG/cyyu20z4q5cFN/JGE5TOFA55Xsp+aIP9KCsqo=
github.com/gethugothemes/hugo-modules/components/custom-script v0.0.0-20250421104330-bca9c73678cd h1:QgPKMVkC+3bcseXkyfW1lqdCSRuyqZMUVxLAkG+SrtA=
github.com/gethugothemes/hugo-modules/components/custom-script v0.0.0-20250421104330-bca9c73678cd/go.mod h1:RuDHq4WnK8sNEzAIJr4BZQ7oXhzcct/EKaAxc2Xvi9E=
github.com/gethugothemes/hugo-modules/components/preloader v0.0.0-20250421104330-bca9c73678cd h1:FB06z0OdmZ+chTKjZCyHG8ngvYiFYYxooMjfp2WmqGs=
github.com/gethugothemes/hugo-modules/components/preloader v0.0.0-20250421104330-bca9c73678cd/go.mod h1:FP0iQ3tMOesuWFZhLst2KEvUEYPb5Jk1GW+QBP9lrwg=
github.com/gethugothemes/hugo-modules/components/render-link v0.0.0-20250421104330-bca9c73678cd h1:32HIZ37qGvC2jv+EHY2n8/BYvWbGKCP32GoQ+LZvMw4=
github.com/gethugothemes/hugo-modules/components/render-link v0.0.0-20250421104330-bca9c73678cd/go.mod h1:z3YcIeEBUonAoRDY1/Jv1ojNVkZ5ud35a0Nn8L4Inx0=
github.com/gethugothemes/hugo-modules/gallery-slider v0.0.0-20250421104330-bca9c73678cd h1:Ae+ouMvTSsDMBBJwOENhm4GyVKqNdtKDMRBwl3pDKDM=
github.com/gethugothemes/hugo-modules/gallery-slider v0.0.0-20250421104330-bca9c73678cd/go.mod h1:MvQ2js/ofZ22CTX5wuvE+dC0rMe6C5HAWL2fEOu/yzE=
github.com/gethugothemes/hugo-modules/gzip-caching v0.0.0-20250421104330-bca9c73678cd h1:mX2nUsqPuF7qrKx6xWRKBnXFItG9gsqUFgHEmBO1nWU=
github.com/gethugothemes/hugo-modules/gzip-caching v0.0.0-20250421104330-bca9c73678cd/go.mod h1:0ZMjTZVG4XLZU2/icc8Saqo4mmgMpfRTrUZU2Aa2Pwg=
github.com/gethugothemes/hugo-modules/icons/font-awesome v0.0.0-20250421104330-bca9c73678cd h1:w29xQdd+C2jKaO18cNbsesKeZAZfRqSuyR1x+uS4osc=
github.com/gethugothemes/hugo-modules/icons/font-awesome v0.0.0-20250421104330-bca9c73678cd/go.mod h1:d3gy1vQyfasPmGpau7HpQLrXbOv23PfXclSnjyOBxeU=
github.com/gethugothemes/hugo-modules/images v0.0.0-20250421104330-bca9c73678cd h1:ZltC+jQbHEGph9+s+LUvBnr0xIeIAip/tlRxvWKYjIs=
github.com/gethugothemes/hugo-modules/images v0.0.0-20250421104330-bca9c73678cd/go.mod h1:FKliP3qOW9diIcQeLtyZ0Hdhg3PL8bdAkC/6O+XtU90=
github.com/gethugothemes/hugo-modules/pwa v0.0.0-20250421104330-bca9c73678cd h1:EC4pou70Z8TE8QDLATzfSL54zZDyyFCanb8CBA2m+Wk=
github.com/gethugothemes/hugo-modules/pwa v0.0.0-20250421104330-bca9c73678cd/go.mod h1:TRv7iszdfo37O1PbBEE+S8X/enAdpRIxK5DGrp13Qbo=
github.com/gethugothemes/hugo-modules/seo-tools/baidu-analytics v0.0.0-20250421104330-bca9c73678cd h1:x6kBhPIa8Dhb5eqj+rl8DQI7+POqOOdDjo1uTdGp1/8=
github.com/gethugothemes/hugo-modules/seo-tools/baidu-analytics v0.0.0-20250421104330-bca9c73678cd/go.mod h1:D/bbq2hSHE+r582zpC3rEdvuk8GufDnq9sGL3xCk/C0=
github.com/gethugothemes/hugo-modules/seo-tools/basic-seo v0.0.0-20250421104330-bca9c73678cd h1:TzcsfMq3yyfa8RpiU2cvn0F/gM9VqBy2J2NzoaC3uYg=
github.com/gethugothemes/hugo-modules/seo-tools/basic-seo v0.0.0-20250421104330-bca9c73678cd/go.mod h1:Q8dPgjamV7pxwKSQyWV21Xwh5CGi23/k+M8HPTphYbs=
github.com/gethugothemes/hugo-modules/seo-tools/counter-analytics v0.0.0-20250421104330-bca9c73678cd h1:TkZGAZWo2tstauPaaFBTFPPP+/iOuTNW3cZLXbvrlqs=
github.com/gethugothemes/hugo-modules/seo-tools/counter-analytics v0.0.0-20250421104330-bca9c73678cd/go.mod h1:3kPooRg0PWUkciccThPQbBvIpTfSCo7W9mc3a5GxXHs=
github.com/gethugothemes/hugo-modules/seo-tools/google-tag-manager v0.0.0-20250421104330-bca9c73678cd h1:Lk3L2bINTu7zJ6D4o9aUHhtEvNLTyMELfojQWKPvnFg=
github.com/gethugothemes/hugo-modules/seo-tools/google-tag-manager v0.0.0-20250421104330-bca9c73678cd/go.mod h1:cCq50yd55eFTrpqOfeyOK5X0hU5E7qxsqOD7IzTsgLA=
github.com/gethugothemes/hugo-modules/seo-tools/matomo-analytics v0.0.0-20250421104330-bca9c73678cd h1:b7ck6TIUcQHPpb5c3RdXz1EYubmR1UUYlm4R6j17Ldw=
github.com/gethugothemes/hugo-modules/seo-tools/matomo-analytics v0.0.0-20250421104330-bca9c73678cd/go.mod h1:P2GLltWjXFBJlatFKh4l6WOBszW7+f09myLkZoBBgEs=
github.com/gethugothemes/hugo-modules/seo-tools/plausible-analytics v0.0.0-20250421104330-bca9c73678cd h1:BCb8fVUWo09vzxUZheh/xECKLhcS157AbkLBfNh9Ung=
github.com/gethugothemes/hugo-modules/seo-tools/plausible-analytics v0.0.0-20250421104330-bca9c73678cd/go.mod h1:MOJtK8ttzyqQiqs0xQkk6xgPaxGbcH7WI5thobpNvqg=
github.com/gethugothemes/hugo-modules/seo-tools/site-verifications v0.0.0-20250421104330-bca9c73678cd h1:GogJbl6VYmv0JlvIVoS36pEvD6DLilnQ3cuNM56zS6I=
github.com/gethugothemes/hugo-modules/seo-tools/site-verifications v0.0.0-20250421104330-bca9c73678cd/go.mod h1:iXielaya126qJscz7Bc2G2WB91moloQOoWru6UoBUyE=
github.com/gethugothemes/hugo-modules/shortcodes/button v0.0.0-20250421104330-bca9c73678cd h1:J4suqFNDNNZiUkhwxH/6F9bjfEybQTqrCnrWxBiq8SM=
github.com/gethugothemes/hugo-modules/shortcodes/button v0.0.0-20250421104330-bca9c73678cd/go.mod h1:MSvxGvjvcGUKTs6YMATU/9kYFrzW+VSVdy4CCOQLdsY=
github.com/gethugothemes/hugo-modules/shortcodes/codepen v0.0.0-20250421104330-bca9c73678cd h1:+YnFxuU3syONVMdAmjgBiSuSWFURgYzdJvbBHwX6d1A=
github.com/gethugothemes/hugo-modules/shortcodes/codepen v0.0.0-20250421104330-bca9c73678cd/go.mod h1:Y4eAJ7fkCSC6k6fl1+qF4DIoRepAYyB9Om4kBCAixcg=
github.com/gethugothemes/hugo-modules/shortcodes/notice v0.0.0-20250421104330-bca9c73678cd h1:/CjglS2gVeqdkyVk31Jth5iSOfpne6FN8NRBVWCqSCY=
github.com/gethugothemes/hugo-modules/shortcodes/notice v0.0.0-20250421104330-bca9c73678cd/go.mod h1:ljWyMJx82WA+6SlKjbGFhEdxcriyvUTCjXkJHDa4lho=
github.com/gethugothemes/hugo-modules/tab v0.0.0-20250421104330-bca9c73678cd h1:2ul5dHXXr0oi3m9P9wEBE9zU8tZWZ2xMpc0n/MyTOw4=
github.com/gethugothemes/hugo-modules/tab v0.0.0-20250421104330-bca9c73678cd/go.mod h1:h3UxlxrFoU19JldxWLPBKaTZFe3AJtABrqo1wfxr+Ng=
github.com/gethugothemes/hugo-modules/table-of-contents v0.0.0-20250421104330-bca9c73678cd h1:fcuI/r+bpie92wJXUw48pncF0e5PJm8oIpfxZk1xcDo=
github.com/gethugothemes/hugo-modules/table-of-contents v0.0.0-20250421104330-bca9c73678cd/go.mod h1:bEDw4veccQQQYEdVrfu13ATRUWfW8ptDIjJZuhYh4Tw=
github.com/gethugothemes/hugo-modules/videos v0.0.0-20250421104330-bca9c73678cd h1:6gYb2CffK6AjEeE/4ReA1s4ZZ8AecdWjcSXmPtnfKJc=
github.com/gethugothemes/hugo-modules/videos v0.0.0-20250421104330-bca9c73678cd/go.mod h1:P722lLWdnNhdZVq6gvMrOLqECUwrAYQWaOWlChta5H0=
github.com/gohugoio/hugo-mod-bootstrap-scss/v5 v5.20300.20400 h1:L6+F22i76xmeWWwrtijAhUbf3BiRLmpO5j34bgl1ggU=
github.com/gohugoio/hugo-mod-bootstrap-scss/v5 v5.20300.20400/go.mod h1:uekq1D4ebeXgduLj8VIZy8TgfTjrLdSl6nPtVczso78=
github.com/gohugoio/hugo-mod-jslibs-dist/popperjs/v2 v2.21100.20000/go.mod h1:mFberT6ZtcchrsDtfvJM7aAH2bDKLdOnruUHl0hlapI=
github.com/twbs/bootstrap v5.3.3+incompatible/go.mod h1:fZTSrkpSf0/HkL0IIJzvVspTt1r9zuf7XlZau8kpcY0=
